// !$*UTF8*$!
{
	archiveVersion = 1;
	classes = {
	};
	objectVersion = 46;
	objects = {

/* Begin PBXBuildFile section */
		42D868C36B6F01B6ED0B2CB0 /* Pods_Pixabay_JSON.framework in Frameworks */ = {isa = PBXBuildFile; fileRef = 5F4171709802FCCC4CDDE0CC /* Pods_Pixabay_JSON.framework */; };
		F5E5E0901EAE0C580023B32D /* AppDelegate.swift in Sources */ = {isa = PBXBuildFile; fileRef = F5E5E08F1EAE0C580023B32D /* AppDelegate.swift */; };
		F5E5E0971EAE0C580023B32D /* Assets.xcassets in Resources */ = {isa = PBXBuildFile; fileRef = F5E5E0961EAE0C580023B32D /* Assets.xcassets */; };
		F5E5E09A1EAE0C580023B32D /* LaunchScreen.storyboard in Resources */ = {isa = PBXBuildFile; fileRef = F5E5E0981EAE0C580023B32D /* LaunchScreen.storyboard */; };
		F5E5E0BB1EAE0D930023B32D /* ImagesViewController.swift in Sources */ = {isa = PBXBuildFile; fileRef = F5E5E0B91EAE0D930023B32D /* ImagesViewController.swift */; };
		F5E5E0BC1EAE0D930023B32D /* DetailCollectionViewController.swift in Sources */ = {isa = PBXBuildFile; fileRef = F5E5E0BA1EAE0D930023B32D /* DetailCollectionViewController.swift */; };
		F5E5E0BF1EAE0D9B0023B32D /* ImagesTableViewCell.swift in Sources */ = {isa = PBXBuildFile; fileRef = F5E5E0BD1EAE0D9B0023B32D /* ImagesTableViewCell.swift */; };
		F5E5E0C01EAE0D9B0023B32D /* DetailCollectionViewCell.swift in Sources */ = {isa = PBXBuildFile; fileRef = F5E5E0BE1EAE0D9B0023B32D /* DetailCollectionViewCell.swift */; };
		F5E5E0C21EAE0DA60023B32D /* ImageModel.swift in Sources */ = {isa = PBXBuildFile; fileRef = F5E5E0C11EAE0DA60023B32D /* ImageModel.swift */; };
		F5E5E0C41EAE0DAE0023B32D /* NetworkManager.swift in Sources */ = {isa = PBXBuildFile; fileRef = F5E5E0C31EAE0DAE0023B32D /* NetworkManager.swift */; };
		F5E5E0C81EAE0DB70023B32D /* DetailCollectionViewCell.xib in Resources */ = {isa = PBXBuildFile; fileRef = F5E5E0C51EAE0DB70023B32D /* DetailCollectionViewCell.xib */; };
		F5E5E0C91EAE0DB70023B32D /* Main.storyboard in Resources */ = {isa = PBXBuildFile; fileRef = F5E5E0C61EAE0DB70023B32D /* Main.storyboard */; };
/* End PBXBuildFile section */

/* Begin PBXFileReference section */
		01BC7DCA96407E15677C5B17 /* Pods-Pixabay_JSON.release.xcconfig */ = {isa = PBXFileReference; includeInIndex = 1; lastKnownFileType = text.xcconfig; name = "Pods-Pixabay_JSON.release.xcconfig"; path = "Pods/Target Support Files/Pods-Pixabay_JSON/Pods-Pixabay_JSON.release.xcconfig"; sourceTree = "<group>"; };
		34A9B88E8C96E4C6A8EF8730 /* Pods-Pixabay_JSON.debug.xcconfig */ = {isa = PBXFileReference; includeInIndex = 1; lastKnownFileType = text.xcconfig; name = "Pods-Pixabay_JSON.debug.xcconfig"; path = "Pods/Target Support Files/Pods-Pixabay_JSON/Pods-Pixabay_JSON.debug.xcconfig"; sourceTree = "<group>"; };
		5F4171709802FCCC4CDDE0CC /* Pods_Pixabay_JSON.framework */ = {isa = PBXFileReference; explicitFileType = wrapper.framework; includeInIndex = 0; path = Pods_Pixabay_JSON.framework; sourceTree = BUILT_PRODUCTS_DIR; };
		F5E5E08C1EAE0C580023B32D /* Pixabay_JSON.app */ = {isa = PBXFileReference; explicitFileType = wrapper.application; includeInIndex = 0; path = Pixabay_JSON.app; sourceTree = BUILT_PRODUCTS_DIR; };
		F5E5E08F1EAE0C580023B32D /* AppDelegate.swift */ = {isa = PBXFileReference; lastKnownFileType = sourcecode.swift; path = AppDelegate.swift; sourceTree = "<group>"; };
		F5E5E0961EAE0C580023B32D /* Assets.xcassets */ = {isa = PBXFileReference; lastKnownFileType = folder.assetcatalog; path = Assets.xcassets; sourceTree = "<group>"; };
		F5E5E0991EAE0C580023B32D /* Base */ = {isa = PBXFileReference; lastKnownFileType = file.storyboard; name = Base; path = Base.lproj/LaunchScreen.storyboard; sourceTree = "<group>"; };
		F5E5E09B1EAE0C580023B32D /* Info.plist */ = {isa = PBXFileReference; lastKnownFileType = text.plist.xml; path = Info.plist; sourceTree = "<group>"; };
		F5E5E0B91EAE0D930023B32D /* ImagesViewController.swift */ = {isa = PBXFileReference; fileEncoding = 4; lastKnownFileType = sourcecode.swift; name = ImagesViewController.swift; path = "../../HW#9_pixabay/HW#9_pixabay/ImagesViewController.swift"; sourceTree = "<group>"; };
		F5E5E0BA1EAE0D930023B32D /* DetailCollectionViewController.swift */ = {isa = PBXFileReference; fileEncoding = 4; lastKnownFileType = sourcecode.swift; name = DetailCollectionViewController.swift; path = "../../HW#9_pixabay/HW#9_pixabay/DetailCollectionViewController.swift"; sourceTree = "<group>"; };
		F5E5E0BD1EAE0D9B0023B32D /* ImagesTableViewCell.swift */ = {isa = PBXFileReference; fileEncoding = 4; lastKnownFileType = sourcecode.swift; name = ImagesTableViewCell.swift; path = "../../HW#9_pixabay/HW#9_pixabay/ImagesTableViewCell.swift"; sourceTree = "<group>"; };
		F5E5E0BE1EAE0D9B0023B32D /* DetailCollectionViewCell.swift */ = {isa = PBXFileReference; fileEncoding = 4; lastKnownFileType = sourcecode.swift; name = DetailCollectionViewCell.swift; path = "../../HW#9_pixabay/HW#9_pixabay/DetailCollectionViewCell.swift"; sourceTree = "<group>"; };
		F5E5E0C11EAE0DA60023B32D /* ImageModel.swift */ = {isa = PBXFileReference; fileEncoding = 4; lastKnownFileType = sourcecode.swift; name = ImageModel.swift; path = "../../HW#9_pixabay/HW#9_pixabay/ImageModel.swift"; sourceTree = "<group>"; };
		F5E5E0C31EAE0DAE0023B32D /* NetworkManager.swift */ = {isa = PBXFileReference; fileEncoding = 4; lastKnownFileType = sourcecode.swift; name = NetworkManager.swift; path = "../../HW#9_pixabay/HW#9_pixabay/NetworkManager.swift"; sourceTree = "<group>"; };
		F5E5E0C51EAE0DB70023B32D /* DetailCollectionViewCell.xib */ = {isa = PBXFileReference; fileEncoding = 4; lastKnownFileType = file.xib; name = DetailCollectionViewCell.xib; path = "../../HW#9_pixabay/HW#9_pixabay/DetailCollectionViewCell.xib"; sourceTree = "<group>"; };
		F5E5E0C71EAE0DB70023B32D /* Base */ = {isa = PBXFileReference; lastKnownFileType = file.storyboard; name = Base; path = "../../HW#9_pixabay/HW#9_pixabay/Base.lproj/Main.storyboard"; sourceTree = "<group>"; };
/* End PBXFileReference section */

/* Begin PBXFrameworksBuildPhase section */
		F5E5E0891EAE0C580023B32D /* Frameworks */ = {
			isa = PBXFrameworksBuildPhase;
			buildActionMask = 2147483647;
			files = (
				42D868C36B6F01B6ED0B2CB0 /* Pods_Pixabay_JSON.framework in Frameworks */,
			);
			runOnlyForDeploymentPostprocessing = 0;
		};
/* End PBXFrameworksBuildPhase section */

/* Begin PBXGroup section */
		BFBC1FC334424F4E1E834234 /* Pods */ = {
			isa = PBXGroup;
			children = (
				34A9B88E8C96E4C6A8EF8730 /* Pods-Pixabay_JSON.debug.xcconfig */,
				01BC7DCA96407E15677C5B17 /* Pods-Pixabay_JSON.release.xcconfig */,
			);
			name = Pods;
			sourceTree = "<group>";
		};
		E0581109889236B9AF3721A6 /* Frameworks */ = {
			isa = PBXGroup;
			children = (
				5F4171709802FCCC4CDDE0CC /* Pods_Pixabay_JSON.framework */,
			);
			name = Frameworks;
			sourceTree = "<group>";
		};
		F5E5E0831EAE0C580023B32D = {
			isa = PBXGroup;
			children = (
				F5E5E08E1EAE0C580023B32D /* Pixabay_JSON */,
				F5E5E08D1EAE0C580023B32D /* Products */,
				BFBC1FC334424F4E1E834234 /* Pods */,
				E0581109889236B9AF3721A6 /* Frameworks */,
			);
			sourceTree = "<group>";
		};
		F5E5E08D1EAE0C580023B32D /* Products */ = {
			isa = PBXGroup;
			children = (
				F5E5E08C1EAE0C580023B32D /* Pixabay_JSON.app */,
			);
			name = Products;
			sourceTree = "<group>";
		};
		F5E5E08E1EAE0C580023B32D /* Pixabay_JSON */ = {
			isa = PBXGroup;
			children = (
				F5E5E08F1EAE0C580023B32D /* AppDelegate.swift */,
				F5E5E0CA1EAE118C0023B32D /* Controller */,
				F5E5E0CB1EAE11A50023B32D /* View */,
				F5E5E0CC1EAE11AE0023B32D /* Model */,
				F5E5E0C31EAE0DAE0023B32D /* NetworkManager.swift */,
				F5E5E0961EAE0C580023B32D /* Assets.xcassets */,
				F5E5E0C51EAE0DB70023B32D /* DetailCollectionViewCell.xib */,
				F5E5E0C61EAE0DB70023B32D /* Main.storyboard */,
				F5E5E0981EAE0C580023B32D /* LaunchScreen.storyboard */,
				F5E5E09B1EAE0C580023B32D /* Info.plist */,
			);
			path = Pixabay_JSON;
			sourceTree = "<group>";
		};
		F5E5E0CA1EAE118C0023B32D /* Controller */ = {
			isa = PBXGroup;
			children = (
				F5E5E0B91EAE0D930023B32D /* ImagesViewController.swift */,
				F5E5E0BA1EAE0D930023B32D /* DetailCollectionViewController.swift */,
			);
			name = Controller;
			sourceTree = "<group>";
		};
		F5E5E0CB1EAE11A50023B32D /* View */ = {
			isa = PBXGroup;
			children = (
				F5E5E0BD1EAE0D9B0023B32D /* ImagesTableViewCell.swift */,
				F5E5E0BE1EAE0D9B0023B32D /* DetailCollectionViewCell.swift */,
			);
			name = View;
			sourceTree = "<group>";
		};
		F5E5E0CC1EAE11AE0023B32D /* Model */ = {
			isa = PBXGroup;
			children = (
				F5E5E0C11EAE0DA60023B32D /* ImageModel.swift */,
			);
			name = Model;
			sourceTree = "<group>";
		};
/* End PBXGroup section */

/* Begin PBXNativeTarget section */
		F5E5E08B1EAE0C580023B32D /* Pixabay_JSON */ = {
			isa = PBXNativeTarget;
			buildConfigurationList = F5E5E09E1EAE0C580023B32D /* Build configuration list for PBXNativeTarget "Pixabay_JSON" */;
			buildPhases = (
				E4645215F22D39864D1299E0 /* [CP] Check Pods Manifest.lock */,
				F5E5E0881EAE0C580023B32D /* Sources */,
				F5E5E0891EAE0C580023B32D /* Frameworks */,
				F5E5E08A1EAE0C580023B32D /* Resources */,
				5869AB364AD1D6227F6B5CD7 /* [CP] Embed Pods Frameworks */,
				B65EAB74CA58F4433F0D364B /* [CP] Copy Pods Resources */,
			);
			buildRules = (
			);
			dependencies = (
			);
			name = Pixabay_JSON;
			productName = Pixabay_JSON;
			productReference = F5E5E08C1EAE0C580023B32D /* Pixabay_JSON.app */;
			productType = "com.apple.product-type.application";
		};
/* End PBXNativeTarget section */

/* Begin PBXProject section */
		F5E5E0841EAE0C580023B32D /* Project object */ = {
			isa = PBXProject;
			attributes = {
				LastSwiftUpdateCheck = 0820;
				LastUpgradeCheck = 0820;
				ORGANIZATIONNAME = vladCh;
				TargetAttributes = {
					F5E5E08B1EAE0C580023B32D = {
						CreatedOnToolsVersion = 8.2.1;
						ProvisioningStyle = Automatic;
					};
				};
			};
			buildConfigurationList = F5E5E0871EAE0C580023B32D /* Build configuration list for PBXProject "Pixabay_JSON" */;
			compatibilityVersion = "Xcode 3.2";
			developmentRegion = English;
			hasScannedForEncodings = 0;
			knownRegions = (
				en,
				Base,
			);
			mainGroup = F5E5E0831EAE0C580023B32D;
			productRefGroup = F5E5E08D1EAE0C580023B32D /* Products */;
			projectDirPath = "";
			projectRoot = "";
			targets = (
				F5E5E08B1EAE0C580023B32D /* Pixabay_JSON */,
			);
		};
/* End PBXProject section */

/* Begin PBXResourcesBuildPhase section */
		F5E5E08A1EAE0C580023B32D /* Resources */ = {
			isa = PBXResourcesBuildPhase;
			buildActionMask = 2147483647;
			files = (
				F5E5E0C81EAE0DB70023B32D /* DetailCollectionViewCell.xib in Resources */,
				F5E5E09A1EAE0C580023B32D /* LaunchScreen.storyboard in Resources */,
				F5E5E0971EAE0C580023B32D /* Assets.xcassets in Resources */,
				F5E5E0C91EAE0DB70023B32D /* Main.storyboard in Resources */,
			);
			runOnlyForDeploymentPostprocessing = 0;
		};
/* End PBXResourcesBuildPhase section */

/* Begin PBXShellScriptBuildPhase section */
		5869AB364AD1D6227F6B5CD7 /* [CP] Embed Pods Frameworks */ = {
			isa = PBXShellScriptBuildPhase;
			buildActionMask = 2147483647;
			files = (
			);
			inputPaths = (
			);
			name = "[CP] Embed Pods Frameworks";
			outputPaths = (
			);
			runOnlyForDeploymentPostprocessing = 0;
			shellPath = /bin/sh;
			shellScript = "\"${SRCROOT}/Pods/Target Support Files/Pods-Pixabay_JSON/Pods-Pixabay_JSON-frameworks.sh\"\n";
			showEnvVarsInLog = 0;
		};
		B65EAB74CA58F4433F0D364B /* [CP] Copy Pods Resources */ = {
			isa = PBXShellScriptBuildPhase;
			buildActionMask = 2147483647;
			files = (
			);
			inputPaths = (
			);
			name = "[CP] Copy Pods Resources";
			outputPaths = (
			);
			runOnlyForDeploymentPostprocessing = 0;
			shellPath = /bin/sh;
			shellScript = "\"${SRCROOT}/Pods/Target Support Files/Pods-Pixabay_JSON/Pods-Pixabay_JSON-resources.sh\"\n";
			showEnvVarsInLog = 0;
		};
		E4645215F22D39864D1299E0 /* [CP] Check Pods Manifest.lock */ = {
			isa = PBXShellScriptBuildPhase;
			buildActionMask = 2147483647;
			files = (
			);
			inputPaths = (
			);
			name = "[CP] Check Pods Manifest.lock";
			outputPaths = (
			);
			runOnlyForDeploymentPostprocessing = 0;
			shellPath = /bin/sh;
			shellScript = "diff \"${PODS_ROOT}/../Podfile.lock\" \"${PODS_ROOT}/Manifest.lock\" > /dev/null\nif [ $? != 0 ] ; then\n    # print error to STDERR\n    echo \"error: The sandbox is not in sync with the Podfile.lock. Run 'pod install' or update your CocoaPods installation.\" >&2\n    exit 1\nfi\n";
			showEnvVarsInLog = 0;
		};
/* End PBXShellScriptBuildPhase section */

/* Begin PBXSourcesBuildPhase section */
		F5E5E0881EAE0C580023B32D /* Sources */ = {
			isa = PBXSourcesBuildPhase;
			buildActionMask = 2147483647;
			files = (
				F5E5E0BC1EAE0D930023B32D /* DetailCollectionViewController.swift in Sources */,
				F5E5E0C21EAE0DA60023B32D /* ImageModel.swift in Sources */,
				F5E5E0BF1EAE0D9B0023B32D /* ImagesTableViewCell.swift in Sources */,
				F5E5E0C41EAE0DAE0023B32D /* NetworkManager.swift in Sources */,
				F5E5E0BB1EAE0D930023B32D /* ImagesViewController.swift in Sources */,
				F5E5E0C01EAE0D9B0023B32D /* DetailCollectionViewCell.swift in Sources */,
				F5E5E0901EAE0C580023B32D /* AppDelegate.swift in Sources */,
			);
			runOnlyForDeploymentPostprocessing = 0;
		};
/* End PBXSourcesBuildPhase section */

/* Begin PBXVariantGroup section */
		F5E5E0981EAE0C580023B32D /* LaunchScreen.storyboard */ = {
			isa = PBXVariantGroup;
			children = (
				F5E5E0991EAE0C580023B32D /* Base */,
			);
			name = LaunchScreen.storyboard;
			sourceTree = "<group>";
		};
		F5E5E0C61EAE0DB70023B32D /* Main.storyboard */ = {
			isa = PBXVariantGroup;
			children = (
				F5E5E0C71EAE0DB70023B32D /* Base */,
			);
			name = Main.storyboard;
			sourceTree = "<group>";
		};
/* End PBXVariantGroup section */

/* Begin XCBuildConfiguration section */
		F5E5E09C1EAE0C580023B32D /* Debug */ = {
			isa = XCBuildConfiguration;
			buildSettings = {
				ALWAYS_SEARCH_USER_PATHS = NO;
				CLANG_ANALYZER_NONNULL = YES;
				CLANG_CXX_LANGUAGE_STANDARD = "gnu++0x";
				CLANG_CXX_LIBRARY = "libc++";
				CLANG_ENABLE_MODULES = YES;
				CLANG_ENABLE_OBJC_ARC = YES;
				CLANG_WARN_BOOL_CONVERSION = YES;
				CLANG_WARN_CONSTANT_CONVERSION = YES;
				CLANG_WARN_DIRECT_OBJC_ISA_USAGE = YES_ERROR;
				CLANG_WARN_DOCUMENTATION_COMMENTS = YES;
				CLANG_WARN_EMPTY_BODY = YES;
				CLANG_WARN_ENUM_CONVERSION = YES;
				CLANG_WARN_INFINITE_RECURSION = YES;
				CLANG_WARN_INT_CONVERSION = YES;
				CLANG_WARN_OBJC_ROOT_CLASS = YES_ERROR;
				CLANG_WARN_SUSPICIOUS_MOVE = YES;
				CLANG_WARN_UNREACHABLE_CODE = YES;
				CLANG_WARN__DUPLICATE_METHOD_MATCH = YES;
				"CODE_SIGN_IDENTITY[sdk=iphoneos*]" = "iPhone Developer";
				COPY_PHASE_STRIP = NO;
				DEBUG_INFORMATION_FORMAT = dwarf;
				ENABLE_STRICT_OBJC_MSGSEND = YES;
				ENABLE_TESTABILITY = YES;
				GCC_C_LANGUAGE_STANDARD = gnu99;
				GCC_DYNAMIC_NO_PIC = NO;
				GCC_NO_COMMON_BLOCKS = YES;
				GCC_OPTIMIZATION_LEVEL = 0;
				GCC_PREPROCESSOR_DEFINITIONS = (
					"DEBUG=1",
					"$(inherited)",
				);
				GCC_WARN_64_TO_32_BIT_CONVERSION = YES;
				GCC_WARN_ABOUT_RETURN_TYPE = YES_ERROR;
				GCC_WARN_UNDECLARED_SELECTOR = YES;
				GCC_WARN_UNINITIALIZED_AUTOS = YES_AGGRESSIVE;
				GCC_WARN_UNUSED_FUNCTION = YES;
				GCC_WARN_UNUSED_VARIABLE = YES;
				IPHONEOS_DEPLOYMENT_TARGET = 10.2;
				MTL_ENABLE_DEBUG_INFO = YES;
				ONLY_ACTIVE_ARCH = YES;
				SDKROOT = iphoneos;
				SWIFT_ACTIVE_COMPILATION_CONDITIONS = DEBUG;
				SWIFT_OPTIMIZATION_LEVEL = "-Onone";
				TARGETED_DEVICE_FAMILY = "1,2";
			};
			name = Debug;
		};
		F5E5E09D1EAE0C580023B32D /* Release */ = {
			isa = XCBuildConfiguration;
			buildSettings = {
				ALWAYS_SEARCH_USER_PATHS = NO;
				CLANG_ANALYZER_NONNULL = YES;
				CLANG_CXX_LANGUAGE_STANDARD = "gnu++0x";
				CLANG_CXX_LIBRARY = "libc++";
				CLANG_ENABLE_MODULES = YES;
				CLANG_ENABLE_OBJC_ARC = YES;
				CLANG_WARN_BOOL_CONVERSION = YES;
				CLANG_WARN_CONSTANT_CONVERSION = YES;
				CLANG_WARN_DIRECT_OBJC_ISA_USAGE = YES_ERROR;
				CLANG_WARN_DOCUMENTATION_COMMENTS = YES;
				CLANG_WARN_EMPTY_BODY = YES;
				CLANG_WARN_ENUM_CONVERSION = YES;
				CLANG_WARN_INFINITE_RECURSION = YES;
				CLANG_WARN_INT_CONVERSION = YES;
				CLANG_WARN_OBJC_ROOT_CLASS = YES_ERROR;
				CLANG_WARN_SUSPICIOUS_MOVE = YES;
				CLANG_WARN_UNREACHABLE_CODE = YES;
				CLANG_WARN__DUPLICATE_METHOD_MATCH = YES;
				"CODE_SIGN_IDENTITY[sdk=iphoneos*]" = "iPhone Developer";
				COPY_PHASE_STRIP = NO;
				DEBUG_INFORMATION_FORMAT = "dwarf-with-dsym";
				ENABLE_NS_ASSERTIONS = NO;
				ENABLE_STRICT_OBJC_MSGSEND = YES;
				GCC_C_LANGUAGE_STANDARD = gnu99;
				GCC_NO_COMMON_BLOCKS = YES;
				GCC_WARN_64_TO_32_BIT_CONVERSION = YES;
				GCC_WARN_ABOUT_RETURN_TYPE = YES_ERROR;
				GCC_WARN_UNDECLARED_SELECTOR = YES;
				GCC_WARN_UNINITIALIZED_AUTOS = YES_AGGRESSIVE;
				GCC_WARN_UNUSED_FUNCTION = YES;
				GCC_WARN_UNUSED_VARIABLE = YES;
				IPHONEOS_DEPLOYMENT_TARGET = 10.2;
				MTL_ENABLE_DEBUG_INFO = NO;
				SDKROOT = iphoneos;
				SWIFT_OPTIMIZATION_LEVEL = "-Owholemodule";
				TARGETED_DEVICE_FAMILY = "1,2";
				VALIDATE_PRODUCT = YES;
			};
			name = Release;
		};
		F5E5E09F1EAE0C580023B32D /* Debug */ = {
			isa = XCBuildConfiguration;
			baseConfigurationReference = 34A9B88E8C96E4C6A8EF8730 /* Pods-Pixabay_JSON.debug.xcconfig */;
			buildSettings = {
				ASSETCATALOG_COMPILER_APPICON_NAME = AppIcon;
				INFOPLIST_FILE = Pixabay_JSON/Info.plist;
				LD_RUNPATH_SEARCH_PATHS = "$(inherited) @executable_path/Frameworks";
				PRODUCT_BUNDLE_IDENTIFIER = "vladCh.Pixabay-JSON";
				PRODUCT_NAME = "$(TARGET_NAME)";
				SWIFT_VERSION = 3.0;
			};
			name = Debug;
		};
		F5E5E0A01EAE0C580023B32D /* Release */ = {
			isa = XCBuildConfiguration;
			baseConfigurationReference = 01BC7DCA96407E15677C5B17 /* Pods-Pixabay_JSON.release.xcconfig */;
			buildSettings = {
				ASSETCATALOG_COMPILER_APPICON_NAME = AppIcon;
				INFOPLIST_FILE = Pixabay_JSON/Info.plist;
				LD_RUNPATH_SEARCH_PATHS = "$(inherited) @executable_path/Frameworks";
				PRODUCT_BUNDLE_IDENTIFIER = "vladCh.Pixabay-JSON";
				PRODUCT_NAME = "$(TARGET_NAME)";
				SWIFT_VERSION = 3.0;
			};
			name = Release;
		};
/* End XCBuildConfiguration section */

/* Begin XCConfigurationList section */
		F5E5E0871EAE0C580023B32D /* Build configuration list for PBXProject "Pixabay_JSON" */ = {
			isa = XCConfigurationList;
			buildConfigurations = (
				F5E5E09C1EAE0C580023B32D /* Debug */,
				F5E5E09D1EAE0C580023B32D /* Release */,
			);
			defaultConfigurationIsVisible = 0;
			defaultConfigurationName = Release;
		};
		F5E5E09E1EAE0C580023B32D /* Build configuration list for PBXNativeTarget "Pixabay_JSON" */ = {
			isa = XCConfigurationList;
			buildConfigurations = (
				F5E5E09F1EAE0C580023B32D /* Debug */,
				F5E5E0A01EAE0C580023B32D /* Release */,
			);
			defaultConfigurationIsVisible = 0;
			defaultConfigurationName = Release;
		};
/* End XCConfigurationList section */
	};
	rootObject = F5E5E0841EAE0C580023B32D /* Project object */;
}
